
Microsoft Visual Studio Solution File, Format Version 12.00
# Visual Studio Version 16
VisualStudioVersion = 16.0.32510.428
MinimumVisualStudioVersion = 10.0.40219.1
Project("{FAE04EC0-301F-11D3-BF4B-00C04F79EFBC}") = "Tic-Tac-Toe_V3", "Tic-Tac-Toe_V3\Tic-Tac-Toe_V3.csproj", "{6B015A09-355A-40AF-B22D-53CBAC1B2DAF}"
EndProject
Global
	GlobalSection(SolutionConfigurationPlatforms) = preSolution
		Debug|Any CPU = Debug|Any CPU
		Release|Any CPU = Release|Any CPU
	EndGlobalSection
	GlobalSection(ProjectConfigurationPlatforms) = postSolution
		{6B015A09-355A-40AF-B22D-53CBAC1B2DAF}.Debug|Any CPU.ActiveCfg = Debug|Any CPU
		{6B015A09-355A-40AF-B22D-53CBAC1B2DAF}.Debug|Any CPU.Build.0 = Debug|Any CPU
		{6B015A09-355A-40AF-B22D-53CBAC1B2DAF}.Release|Any CPU.ActiveCfg = Release|Any CPU
		{6B015A09-355A-40AF-B22D-53CBAC1B2DAF}.Release|Any CPU.Build.0 = Release|Any CPU
	EndGlobalSection
	GlobalSection(SolutionProperties) = preSolution
		HideSolutionNode = FALSE
	EndGlobalSection
	GlobalSection(ExtensibilityGlobals) = postSolution
		SolutionGuid = {0E6CFC8F-FF54-4170-9BC4-6FABD2CFBD1F}
	EndGlobalSection
EndGlobal
